
Microsoft Visual Studio Solution File, Format Version 12.00
# Visual Studio Version 17
VisualStudioVersion = 17.0.31912.275
MinimumVisualStudioVersion = 10.0.40219.1
Project("{8BC9CEB8-8B4A-11D0-8D11-00A0C91BC942}") = "Dll1", "Dll1\Dll1.vcxproj", "{261FCDB1-6BCB-49B8-AA22-52DD610DE5D7}"
EndProject
Global
	GlobalSection(SolutionConfigurationPlatforms) = preSolution
		Debug|x64 = Debug|x64
		Debug|x86 = Debug|x86
		Release|x64 = Release|x64
		Release|x86 = Release|x86
	EndGlobalSection
	GlobalSection(ProjectConfigurationPlatforms) = postSolution
		{261FCDB1-6BCB-49B8-AA22-52DD610DE5D7}.Debug|x64.ActiveCfg = Debug|x64
		{261FCDB1-6BCB-49B8-AA22-52DD610DE5D7}.Debug|x64.Build.0 = Debug|x64
		{261FCDB1-6BCB-49B8-AA22-52DD610DE5D7}.Debug|x86.ActiveCfg = Debug|Win32
		{261FCDB1-6BCB-49B8-AA22-52DD610DE5D7}.Debug|x86.Build.0 = Debug|Win32
		{261FCDB1-6BCB-49B8-AA22-52DD610DE5D7}.Release|x64.ActiveCfg = Release|x64
		{261FCDB1-6BCB-49B8-AA22-52DD610DE5D7}.Release|x64.Build.0 = Release|x64
		{261FCDB1-6BCB-49B8-AA22-52DD610DE5D7}.Release|x86.ActiveCfg = Release|Win32
		{261FCDB1-6BCB-49B8-AA22-52DD610DE5D7}.Release|x86.Build.0 = Release|Win32
	EndGlobalSection
	GlobalSection(SolutionProperties) = preSolution
		HideSolutionNode = FALSE
	EndGlobalSection
	GlobalSection(ExtensibilityGlobals) = postSolution
		SolutionGuid = {DAFF84CA-842B-468A-8390-6E0B871AD8D5}
	EndGlobalSection
EndGlobal
